<?xml version="1.0" encoding="utf-8"?>
<Project ToolsVersion="4.0" xmlns="http://schemas.microsoft.com/developer/msbuild/2003">
  <ItemGroup>
    <Filter Include="Source Files">
      <UniqueIdentifier>{4FC737F1-C7A5-4376-A066-2A32D752A2FF}</UniqueIdentifier>
      <Extensions>cpp;c;cc;cxx;def;odl;idl;hpj;bat;asm;asmx</Extensions>
    </Filter>
    <Filter Include="Header Files">
      <UniqueIdentifier>{93995380-89BD-4b04-88EB-625FBE52EBFB}</UniqueIdentifier>
      <Extensions>h;hh;hpp;hxx;hm;inl;inc;xsd</Extensions>
    </Filter>
    <Filter Include="Resource Files">
      <UniqueIdentifier>{67DA6AB6-F800-4c08-8B7A-83BB121AAD01}</UniqueIdentifier>
      <Extensions>rc;ico;cur;bmp;dlg;rc2;rct;bin;rgs;gif;jpg;jpeg;jpe;resx;tiff;tif;png;wav;mfcribbon-ms</Extensions>
    </Filter>
  </ItemGroup>
  <ItemGroup>
    <ClCompile Include="cpu_stats.c">
      <Filter>Source Files</Filter>
    </ClCompile>
    <ClCompile Include="cpu_time.c">
      <Filter>Source Files</Filter>
    </ClCompile>
    <ClCompile Include="cstringstream.c">
      <Filter>Source Files</Filter>
    </ClCompile>
    <ClCompile Include="cuddAddAbs.c">
      <Filter>Source Files</Filter>
    </ClCompile>
    <ClCompile Include="cuddAddApply.c">
      <Filter>Source Files</Filter>
    </ClCompile>
    <ClCompile Include="cuddAddFind.c">
      <Filter>Source Files</Filter>
    </ClCompile>
    <ClCompile Include="cuddAddInv.c">
      <Filter>Source Files</Filter>
    </ClCompile>
    <ClCompile Include="cuddAddIte.c">
      <Filter>Source Files</Filter>
    </ClCompile>
    <ClCompile Include="cuddAddNeg.c">
      <Filter>Source Files</Filter>
    </ClCompile>
    <ClCompile Include="cuddAddWalsh.c">
      <Filter>Source Files</Filter>
    </ClCompile>
    <ClCompile Include="cuddAndAbs.c">
      <Filter>Source Files</Filter>
    </ClCompile>
    <ClCompile Include="cuddAnneal.c">
      <Filter>Source Files</Filter>
    </ClCompile>
    <ClCompile Include="cuddApa.c">
      <Filter>Source Files</Filter>
    </ClCompile>
    <ClCompile Include="cuddAPI.c">
      <Filter>Source Files</Filter>
    </ClCompile>
    <ClCompile Include="cuddApprox.c">
      <Filter>Source Files</Filter>
    </ClCompile>
    <ClCompile Include="cuddBddAbs.c">
      <Filter>Source Files</Filter>
    </ClCompile>
    <ClCompile Include="cuddBddCorr.c">
      <Filter>Source Files</Filter>
    </ClCompile>
    <ClCompile Include="cuddBddIte.c">
      <Filter>Source Files</Filter>
    </ClCompile>
    <ClCompile Include="cuddBridge.c">
      <Filter>Source Files</Filter>
    </ClCompile>
    <ClCompile Include="cuddCache.c">
      <Filter>Source Files</Filter>
    </ClCompile>
    <ClCompile Include="cuddCheck.c">
      <Filter>Source Files</Filter>
    </ClCompile>
    <ClCompile Include="cuddClip.c">
      <Filter>Source Files</Filter>
    </ClCompile>
    <ClCompile Include="cuddCof.c">
      <Filter>Source Files</Filter>
    </ClCompile>
    <ClCompile Include="cuddCompose.c">
      <Filter>Source Files</Filter>
    </ClCompile>
    <ClCompile Include="cuddDecomp.c">
      <Filter>Source Files</Filter>
    </ClCompile>
    <ClCompile Include="cuddEssent.c">
      <Filter>Source Files</Filter>
    </ClCompile>
    <ClCompile Include="cuddExact.c">
      <Filter>Source Files</Filter>
    </ClCompile>
    <ClCompile Include="cuddExport.c">
      <Filter>Source Files</Filter>
    </ClCompile>
    <ClCompile Include="cuddGenCof.c">
      <Filter>Source Files</Filter>
    </ClCompile>
    <ClCompile Include="cuddGenetic.c">
      <Filter>Source Files</Filter>
    </ClCompile>
    <ClCompile Include="cuddGroup.c">
      <Filter>Source Files</Filter>
    </ClCompile>
    <ClCompile Include="cuddHarwell.c">
      <Filter>Source Files</Filter>
    </ClCompile>
    <ClCompile Include="cuddInit.c">
      <Filter>Source Files</Filter>
    </ClCompile>
    <ClCompile Include="cuddInteract.c">
      <Filter>Source Files</Filter>
    </ClCompile>
    <ClCompile Include="cuddLCache.c">
      <Filter>Source Files</Filter>
    </ClCompile>
    <ClCompile Include="cuddLevelQ.c">
      <Filter>Source Files</Filter>
    </ClCompile>
    <ClCompile Include="cuddLinear.c">
      <Filter>Source Files</Filter>
    </ClCompile>
    <ClCompile Include="cuddLiteral.c">
      <Filter>Source Files</Filter>
    </ClCompile>
    <ClCompile Include="cuddMatMult.c">
      <Filter>Source Files</Filter>
    </ClCompile>
    <ClCompile Include="cuddObj.cc">
      <Filter>Source Files</Filter>
    </ClCompile>
    <ClCompile Include="cuddPriority.c">
      <Filter>Source Files</Filter>
    </ClCompile>
    <ClCompile Include="cuddRead.c">
      <Filter>Source Files</Filter>
    </ClCompile>
    <ClCompile Include="cuddRef.c">
      <Filter>Source Files</Filter>
    </ClCompile>
    <ClCompile Include="cuddReorder.c">
      <Filter>Source Files</Filter>
    </ClCompile>
    <ClCompile Include="cuddSat.c">
      <Filter>Source Files</Filter>
    </ClCompile>
    <ClCompile Include="cuddSign.c">
      <Filter>Source Files</Filter>
    </ClCompile>
    <ClCompile Include="cuddSolve.c">
      <Filter>Source Files</Filter>
    </ClCompile>
    <ClCompile Include="cuddSplit.c">
      <Filter>Source Files</Filter>
    </ClCompile>
    <ClCompile Include="cuddSubsetHB.c">
      <Filter>Source Files</Filter>
    </ClCompile>
    <ClCompile Include="cuddSubsetSP.c">
      <Filter>Source Files</Filter>
    </ClCompile>
    <ClCompile Include="cuddSymmetry.c">
      <Filter>Source Files</Filter>
    </ClCompile>
    <ClCompile Include="cuddTable.c">
      <Filter>Source Files</Filter>
    </ClCompile>
    <ClCompile Include="cuddUtil.c">
      <Filter>Source Files</Filter>
    </ClCompile>
    <ClCompile Include="cuddWindow.c">
      <Filter>Source Files</Filter>
    </ClCompile>
    <ClCompile Include="cuddZddCount.c">
      <Filter>Source Files</Filter>
    </ClCompile>
    <ClCompile Include="cuddZddFuncs.c">
      <Filter>Source Files</Filter>
    </ClCompile>
    <ClCompile Include="cuddZddGroup.c">
      <Filter>Source Files</Filter>
    </ClCompile>
    <ClCompile Include="cuddZddIsop.c">
      <Filter>Source Files</Filter>
    </ClCompile>
    <ClCompile Include="cuddZddLin.c">
      <Filter>Source Files</Filter>
    </ClCompile>
    <ClCompile Include="cuddZddMisc.c">
      <Filter>Source Files</Filter>
    </ClCompile>
    <ClCompile Include="cuddZddPort.c">
      <Filter>Source Files</Filter>
    </ClCompile>
    <ClCompile Include="cuddZddReord.c">
      <Filter>Source Files</Filter>
    </ClCompile>
    <ClCompile Include="cuddZddSetop.c">
      <Filter>Source Files</Filter>
    </ClCompile>
    <ClCompile Include="cuddZddSymm.c">
      <Filter>Source Files</Filter>
    </ClCompile>
    <ClCompile Include="cuddZddUtil.c">
      <Filter>Source Files</Filter>
    </ClCompile>
    <ClCompile Include="datalimit.c">
      <Filter>Source Files</Filter>
    </ClCompile>
    <ClCompile Include="dddmpBinary.c">
      <Filter>Source Files</Filter>
    </ClCompile>
    <ClCompile Include="dddmpConvert.c">
      <Filter>Source Files</Filter>
    </ClCompile>
    <ClCompile Include="dddmpDbg.c">
      <Filter>Source Files</Filter>
    </ClCompile>
    <ClCompile Include="dddmpLoad.c">
      <Filter>Source Files</Filter>
    </ClCompile>
    <ClCompile Include="dddmpLoadCnf.c">
      <Filter>Source Files</Filter>
    </ClCompile>
    <ClCompile Include="dddmpNodeAdd.c">
      <Filter>Source Files</Filter>
    </ClCompile>
    <ClCompile Include="dddmpNodeBdd.c">
      <Filter>Source Files</Filter>
    </ClCompile>
    <ClCompile Include="dddmpNodeCnf.c">
      <Filter>Source Files</Filter>
    </ClCompile>
    <ClCompile Include="dddmpStoreAdd.c">
      <Filter>Source Files</Filter>
    </ClCompile>
    <ClCompile Include="dddmpStoreBdd.c">
      <Filter>Source Files</Filter>
    </ClCompile>
    <ClCompile Include="dddmpStoreCnf.c">
      <Filter>Source Files</Filter>
    </ClCompile>
    <ClCompile Include="dddmpStoreMisc.c">
      <Filter>Source Files</Filter>
    </ClCompile>
    <ClCompile Include="dddmpUtil.c">
      <Filter>Source Files</Filter>
    </ClCompile>
    <ClCompile Include="epd.c">
      <Filter>Source Files</Filter>
    </ClCompile>
    <ClCompile Include="mtrBasic.c">
      <Filter>Source Files</Filter>
    </ClCompile>
    <ClCompile Include="mtrGroup.c">
      <Filter>Source Files</Filter>
    </ClCompile>
    <ClCompile Include="pathsearch.c">
      <Filter>Source Files</Filter>
    </ClCompile>
    <ClCompile Include="pipefork.c">
      <Filter>Source Files</Filter>
    </ClCompile>
    <ClCompile Include="prtime.c">
      <Filter>Source Files</Filter>
    </ClCompile>
    <ClCompile Include="safe_mem.c">
      <Filter>Source Files</Filter>
    </ClCompile>
    <ClCompile Include="st.c">
      <Filter>Source Files</Filter>
    </ClCompile>
    <ClCompile Include="strsav.c">
      <Filter>Source Files</Filter>
    </ClCompile>
    <ClCompile Include="texpand.c">
      <Filter>Source Files</Filter>
    </ClCompile>
    <ClCompile Include="ucbqsort.c">
      <Filter>Source Files</Filter>
    </ClCompile>
    <ClCompile Include="cuddSymbolicSet.cc">
      <Filter>Source Files</Filter>
    </ClCompile>
  </ItemGroup>
  <ItemGroup>
    <ClInclude Include="config.h">
      <Filter>Header Files</Filter>
    </ClInclude>
    <ClInclude Include="cstringstream.h">
      <Filter>Header Files</Filter>
    </ClInclude>
    <ClInclude Include="cudd.h">
      <Filter>Header Files</Filter>
    </ClInclude>
    <ClInclude Include="cuddInt.h">
      <Filter>Header Files</Filter>
    </ClInclude>
    <ClInclude Include="cuddObj.hh">
      <Filter>Header Files</Filter>
    </ClInclude>
    <ClInclude Include="dddmp.h">
      <Filter>Header Files</Filter>
    </ClInclude>
    <ClInclude Include="dddmpInt.h">
      <Filter>Header Files</Filter>
    </ClInclude>
    <ClInclude Include="epd.h">
      <Filter>Header Files</Filter>
    </ClInclude>
    <ClInclude Include="epdInt.h">
      <Filter>Header Files</Filter>
    </ClInclude>
    <ClInclude Include="mtr.h">
      <Filter>Header Files</Filter>
    </ClInclude>
    <ClInclude Include="mtrInt.h">
      <Filter>Header Files</Filter>
    </ClInclude>
    <ClInclude Include="st.h">
      <Filter>Header Files</Filter>
    </ClInclude>
    <ClInclude Include="util.h">
      <Filter>Header Files</Filter>
    </ClInclude>
    <ClInclude Include="datasizes32.h">
      <Filter>Header Files</Filter>
    </ClInclude>
    <ClInclude Include="datasizes64.h">
      <Filter>Header Files</Filter>
    </ClInclude>
    <ClInclude Include="cuddSymbolicset.hh">
      <Filter>Header Files</Filter>
    </ClInclude>
  </ItemGroup>
</Project>